
Microsoft Visual Studio Solution File, Format Version 12.00
# Visual Studio Version 17
VisualStudioVersion = 17.0.31903.59
MinimumVisualStudioVersion = 10.0.40219.1
Project("{FAE04EC0-301F-11D3-BF4B-00C04F79EFBC}") = "cs_aot", "cs_aot\cs_aot.csproj", "{CADA444A-E966-4A01-8CFA-1523348835DC}"
EndProject
Project("{F2A71F9B-5D33-465A-A702-920D77279786}") = "fs_aot", "fs_aot\fs_aot.fsproj", "{20010233-A59D-46A2-A394-AE8522ACCCB0}"
EndProject
Global
	GlobalSection(SolutionConfigurationPlatforms) = preSolution
		Debug|Any CPU = Debug|Any CPU
		Release|Any CPU = Release|Any CPU
	EndGlobalSection
	GlobalSection(SolutionProperties) = preSolution
		HideSolutionNode = FALSE
	EndGlobalSection
	GlobalSection(ProjectConfigurationPlatforms) = postSolution
		{CADA444A-E966-4A01-8CFA-1523348835DC}.Debug|Any CPU.ActiveCfg = Debug|Any CPU
		{CADA444A-E966-4A01-8CFA-1523348835DC}.Debug|Any CPU.Build.0 = Debug|Any CPU
		{CADA444A-E966-4A01-8CFA-1523348835DC}.Release|Any CPU.ActiveCfg = Release|Any CPU
		{CADA444A-E966-4A01-8CFA-1523348835DC}.Release|Any CPU.Build.0 = Release|Any CPU
		{20010233-A59D-46A2-A394-AE8522ACCCB0}.Debug|Any CPU.ActiveCfg = Debug|Any CPU
		{20010233-A59D-46A2-A394-AE8522ACCCB0}.Debug|Any CPU.Build.0 = Debug|Any CPU
		{20010233-A59D-46A2-A394-AE8522ACCCB0}.Release|Any CPU.ActiveCfg = Release|Any CPU
		{20010233-A59D-46A2-A394-AE8522ACCCB0}.Release|Any CPU.Build.0 = Release|Any CPU
	EndGlobalSection
EndGlobal
