
Microsoft Visual Studio Solution File, Format Version 12.00
# Visual Studio 15
VisualStudioVersion = 15.0.26124.0
MinimumVisualStudioVersion = 15.0.26124.0
Project("{2150E333-8FDC-42A3-9474-1A3956D46DE8}") = "src", "src", "{81B446AD-591C-48B3-9FA0-7D206BE2AF5E}"
EndProject
Project("{F2A71F9B-5D33-465A-A702-920D77279786}") = "client", "src\client\client.fsproj", "{5B14D8CA-95A7-457E-B68B-79F85C8289A3}"
EndProject
Project("{F2A71F9B-5D33-465A-A702-920D77279786}") = "server", "src\server\server.fsproj", "{06B8D7AF-BE7F-4A50-8100-C813D65214E0}"
EndProject
Global
	GlobalSection(SolutionConfigurationPlatforms) = preSolution
		Debug|Any CPU = Debug|Any CPU
		Debug|x64 = Debug|x64
		Debug|x86 = Debug|x86
		Release|Any CPU = Release|Any CPU
		Release|x64 = Release|x64
		Release|x86 = Release|x86
	EndGlobalSection
	GlobalSection(ProjectConfigurationPlatforms) = postSolution
		{5B14D8CA-95A7-457E-B68B-79F85C8289A3}.Debug|Any CPU.ActiveCfg = Debug|Any CPU
		{5B14D8CA-95A7-457E-B68B-79F85C8289A3}.Debug|Any CPU.Build.0 = Debug|Any CPU
		{5B14D8CA-95A7-457E-B68B-79F85C8289A3}.Debug|x64.ActiveCfg = Debug|Any CPU
		{5B14D8CA-95A7-457E-B68B-79F85C8289A3}.Debug|x64.Build.0 = Debug|Any CPU
		{5B14D8CA-95A7-457E-B68B-79F85C8289A3}.Debug|x86.ActiveCfg = Debug|Any CPU
		{5B14D8CA-95A7-457E-B68B-79F85C8289A3}.Debug|x86.Build.0 = Debug|Any CPU
		{5B14D8CA-95A7-457E-B68B-79F85C8289A3}.Release|Any CPU.ActiveCfg = Release|Any CPU
		{5B14D8CA-95A7-457E-B68B-79F85C8289A3}.Release|Any CPU.Build.0 = Release|Any CPU
		{5B14D8CA-95A7-457E-B68B-79F85C8289A3}.Release|x64.ActiveCfg = Release|Any CPU
		{5B14D8CA-95A7-457E-B68B-79F85C8289A3}.Release|x64.Build.0 = Release|Any CPU
		{5B14D8CA-95A7-457E-B68B-79F85C8289A3}.Release|x86.ActiveCfg = Release|Any CPU
		{5B14D8CA-95A7-457E-B68B-79F85C8289A3}.Release|x86.Build.0 = Release|Any CPU
		{06B8D7AF-BE7F-4A50-8100-C813D65214E0}.Debug|Any CPU.ActiveCfg = Debug|Any CPU
		{06B8D7AF-BE7F-4A50-8100-C813D65214E0}.Debug|Any CPU.Build.0 = Debug|Any CPU
		{06B8D7AF-BE7F-4A50-8100-C813D65214E0}.Debug|x64.ActiveCfg = Debug|Any CPU
		{06B8D7AF-BE7F-4A50-8100-C813D65214E0}.Debug|x64.Build.0 = Debug|Any CPU
		{06B8D7AF-BE7F-4A50-8100-C813D65214E0}.Debug|x86.ActiveCfg = Debug|Any CPU
		{06B8D7AF-BE7F-4A50-8100-C813D65214E0}.Debug|x86.Build.0 = Debug|Any CPU
		{06B8D7AF-BE7F-4A50-8100-C813D65214E0}.Release|Any CPU.ActiveCfg = Release|Any CPU
		{06B8D7AF-BE7F-4A50-8100-C813D65214E0}.Release|Any CPU.Build.0 = Release|Any CPU
		{06B8D7AF-BE7F-4A50-8100-C813D65214E0}.Release|x64.ActiveCfg = Release|Any CPU
		{06B8D7AF-BE7F-4A50-8100-C813D65214E0}.Release|x64.Build.0 = Release|Any CPU
		{06B8D7AF-BE7F-4A50-8100-C813D65214E0}.Release|x86.ActiveCfg = Release|Any CPU
		{06B8D7AF-BE7F-4A50-8100-C813D65214E0}.Release|x86.Build.0 = Release|Any CPU
	EndGlobalSection
	GlobalSection(SolutionProperties) = preSolution
		HideSolutionNode = FALSE
	EndGlobalSection
	GlobalSection(ExtensibilityGlobals) = postSolution
		SolutionGuid = {8CFD6033-FB8D-48BE-9628-9D83DC023CAB}
	EndGlobalSection
	GlobalSection(NestedProjects) = preSolution
		{5B14D8CA-95A7-457E-B68B-79F85C8289A3} = {81B446AD-591C-48B3-9FA0-7D206BE2AF5E}
		{06B8D7AF-BE7F-4A50-8100-C813D65214E0} = {81B446AD-591C-48B3-9FA0-7D206BE2AF5E}
	EndGlobalSection
EndGlobal
